
Microsoft Visual Studio Solution File, Format Version 12.00
# Visual Studio 2017
Project("{FAE04EC0-301F-11D3-BF4B-00C04F79EFBC}") = "GloveExperimentV1", "GloveExperimentV1.csproj", "{5DF82B1E-5188-A756-C2F6-29A9E890014E}"
EndProject
Project("{FAE04EC0-301F-11D3-BF4B-00C04F79EFBC}") = "GloveExperimentV1.Editor", "GloveExperimentV1.Editor.csproj", "{A244C93E-9276-57A8-595A-B0C544373D31}"
EndProject
Global
	GlobalSection(SolutionConfigurationPlatforms) = preSolution
		Debug|Any CPU = Debug|Any CPU
		Release|Any CPU = Release|Any CPU
	EndGlobalSection
	GlobalSection(ProjectConfigurationPlatforms) = postSolution
		{5DF82B1E-5188-A756-C2F6-29A9E890014E}.Debug|Any CPU.ActiveCfg = Debug|Any CPU
		{5DF82B1E-5188-A756-C2F6-29A9E890014E}.Debug|Any CPU.Build.0 = Debug|Any CPU
		{5DF82B1E-5188-A756-C2F6-29A9E890014E}.Release|Any CPU.ActiveCfg = Release|Any CPU
		{5DF82B1E-5188-A756-C2F6-29A9E890014E}.Release|Any CPU.Build.0 = Release|Any CPU
		{A244C93E-9276-57A8-595A-B0C544373D31}.Debug|Any CPU.ActiveCfg = Debug|Any CPU
		{A244C93E-9276-57A8-595A-B0C544373D31}.Debug|Any CPU.Build.0 = Debug|Any CPU
		{A244C93E-9276-57A8-595A-B0C544373D31}.Release|Any CPU.ActiveCfg = Release|Any CPU
		{A244C93E-9276-57A8-595A-B0C544373D31}.Release|Any CPU.Build.0 = Release|Any CPU
	EndGlobalSection
	GlobalSection(SolutionProperties) = preSolution
		HideSolutionNode = FALSE
	EndGlobalSection
EndGlobal
