
Microsoft Visual Studio Solution File, Format Version 12.00
# Visual Studio 15
VisualStudioVersion = 15.0.27130.2003
MinimumVisualStudioVersion = 10.0.40219.1
Project("{FAE04EC0-301F-11D3-BF4B-00C04F79EFBC}") = "TestGame", "TestGame.csproj", "{24596872-D7C5-CE0E-AC59-3B324FF6C334}"
EndProject
Project("{FAE04EC0-301F-11D3-BF4B-00C04F79EFBC}") = "CommonTools", "CommonTools\CommonTools.csproj", "{9C7D0FC2-4E4A-4FFF-9AC9-CAC3A1A9AC97}"
EndProject
Project("{FAE04EC0-301F-11D3-BF4B-00C04F79EFBC}") = "ConfigurationUI", "ConfigurationUI\ConfigurationUI.csproj", "{9AC2BB97-B63F-42BE-8BC4-1E961D930429}"
EndProject
Project("{FAE04EC0-301F-11D3-BF4B-00C04F79EFBC}") = "JasHandExperiment.UI", "JasHandExperiment.UI\JasHandExperiment.UI.csproj", "{0DB27B3B-B7DD-4073-A85D-84AA53A098F5}"
EndProject
Project("{FAE04EC0-301F-11D3-BF4B-00C04F79EFBC}") = "JasHandExperiment.Configuration", "JasHandExperiment.Configuration\JasHandExperiment.Configuration.csproj", "{F27B392B-2FC7-4D1B-9AA6-9D0F91E56615}"
EndProject
Global
	GlobalSection(SolutionConfigurationPlatforms) = preSolution
		Debug|Any CPU = Debug|Any CPU
		Release|Any CPU = Release|Any CPU
	EndGlobalSection
	GlobalSection(ProjectConfigurationPlatforms) = postSolution
		{24596872-D7C5-CE0E-AC59-3B324FF6C334}.Debug|Any CPU.ActiveCfg = Debug|Any CPU
		{24596872-D7C5-CE0E-AC59-3B324FF6C334}.Debug|Any CPU.Build.0 = Debug|Any CPU
		{24596872-D7C5-CE0E-AC59-3B324FF6C334}.Release|Any CPU.ActiveCfg = Release|Any CPU
		{24596872-D7C5-CE0E-AC59-3B324FF6C334}.Release|Any CPU.Build.0 = Release|Any CPU
		{9C7D0FC2-4E4A-4FFF-9AC9-CAC3A1A9AC97}.Debug|Any CPU.ActiveCfg = Debug|Any CPU
		{9C7D0FC2-4E4A-4FFF-9AC9-CAC3A1A9AC97}.Debug|Any CPU.Build.0 = Debug|Any CPU
		{9C7D0FC2-4E4A-4FFF-9AC9-CAC3A1A9AC97}.Release|Any CPU.ActiveCfg = Release|Any CPU
		{9C7D0FC2-4E4A-4FFF-9AC9-CAC3A1A9AC97}.Release|Any CPU.Build.0 = Release|Any CPU
		{9AC2BB97-B63F-42BE-8BC4-1E961D930429}.Debug|Any CPU.ActiveCfg = Debug|Any CPU
		{9AC2BB97-B63F-42BE-8BC4-1E961D930429}.Debug|Any CPU.Build.0 = Debug|Any CPU
		{9AC2BB97-B63F-42BE-8BC4-1E961D930429}.Release|Any CPU.ActiveCfg = Release|Any CPU
		{9AC2BB97-B63F-42BE-8BC4-1E961D930429}.Release|Any CPU.Build.0 = Release|Any CPU
		{0DB27B3B-B7DD-4073-A85D-84AA53A098F5}.Debug|Any CPU.ActiveCfg = Debug|Any CPU
		{0DB27B3B-B7DD-4073-A85D-84AA53A098F5}.Debug|Any CPU.Build.0 = Debug|Any CPU
		{0DB27B3B-B7DD-4073-A85D-84AA53A098F5}.Release|Any CPU.ActiveCfg = Release|Any CPU
		{0DB27B3B-B7DD-4073-A85D-84AA53A098F5}.Release|Any CPU.Build.0 = Release|Any CPU
		{F27B392B-2FC7-4D1B-9AA6-9D0F91E56615}.Debug|Any CPU.ActiveCfg = Debug|Any CPU
		{F27B392B-2FC7-4D1B-9AA6-9D0F91E56615}.Debug|Any CPU.Build.0 = Debug|Any CPU
		{F27B392B-2FC7-4D1B-9AA6-9D0F91E56615}.Release|Any CPU.ActiveCfg = Release|Any CPU
		{F27B392B-2FC7-4D1B-9AA6-9D0F91E56615}.Release|Any CPU.Build.0 = Release|Any CPU
	EndGlobalSection
	GlobalSection(SolutionProperties) = preSolution
		HideSolutionNode = FALSE
	EndGlobalSection
	GlobalSection(ExtensibilityGlobals) = postSolution
		SolutionGuid = {2F054EF0-1763-4269-9E18-11E6CE9ECC04}
	EndGlobalSection
EndGlobal
